github.com/davecgh/go-spew v1.1.1/go.mod h1:J7Y8YcW2NihsgmVo/mv3lAwl/skON4iLHjSsI+c5H38=
github.com/patrikeh/go-deep v0.0.0-20220129152125-82b8db494fe5 h1:/cl+6ya97B9drlgntlAz9Re+raqsulG4C1skv8qmeJI=
github.com/patrikeh/go-deep v0.0.0-20220129152125-82b8db494fe5/go.mod h1:W7GtTeZHpwautuPVtKBFp1+df69GkwlOGD2cwvYeYIE=
github.com/pmezard/go-difflib v1.0.0/go.mod h1:iKH77koFhYxTK1pcRnkKkqfTogsbg7gZNVY4sRDYZ/4=
github.com/stretchr/testify v1.1.4/go.mod h1:a8OnRcib4nhh0OaRAV+Yts87kKdq0PP7pXfy6kDkUVs=
